<?xml version="1.0" encoding="utf-8"?>
<Project ToolsVersion="4.0" xmlns="http://schemas.microsoft.com/developer/msbuild/2003">
  <ItemGroup>
    <Filter Include="Source Files">
      <UniqueIdentifier>{4FC737F1-C7A5-4376-A066-2A32D752A2FF}</UniqueIdentifier>
      <Extensions>cpp;c;cc;cxx;def;odl;idl;hpj;bat;asm;asmx</Extensions>
    </Filter>
    <Filter Include="Header Files">
      <UniqueIdentifier>{93995380-89BD-4b04-88EB-625FBE52EBFB}</UniqueIdentifier>
      <Extensions>h;hh;hpp;hxx;hm;inl;inc;xsd</Extensions>
    </Filter>
    <Filter Include="Resource Files">
      <UniqueIdentifier>{67DA6AB6-F800-4c08-8B7A-83BB121AAD01}</UniqueIdentifier>
      <Extensions>rc;ico;cur;bmp;dlg;rc2;rct;bin;rgs;gif;jpg;jpeg;jpe;resx;tiff;tif;png;wav</Extensions>
    </Filter>
  </ItemGroup>
  <ItemGroup>
    <ClCompile Include="calib3d\camera_calibration\camera_calibration.cpp">
      <Filter>Source Files</Filter>
    </ClCompile>
    <ClCompile Include="calib3d\real_time_pose_estimation\src\CsvReader.cpp">
      <Filter>Source Files</Filter>
    </ClCompile>
    <ClCompile Include="calib3d\real_time_pose_estimation\src\CsvWriter.cpp">
      <Filter>Source Files</Filter>
    </ClCompile>
    <ClCompile Include="calib3d\real_time_pose_estimation\src\main_detection.cpp">
      <Filter>Source Files</Filter>
    </ClCompile>
    <ClCompile Include="calib3d\real_time_pose_estimation\src\main_registration.cpp">
      <Filter>Source Files</Filter>
    </ClCompile>
    <ClCompile Include="calib3d\real_time_pose_estimation\src\Mesh.cpp">
      <Filter>Source Files</Filter>
    </ClCompile>
    <ClCompile Include="calib3d\real_time_pose_estimation\src\Model.cpp">
      <Filter>Source Files</Filter>
    </ClCompile>
    <ClCompile Include="calib3d\real_time_pose_estimation\src\ModelRegistration.cpp">
      <Filter>Source Files</Filter>
    </ClCompile>
    <ClCompile Include="calib3d\real_time_pose_estimation\src\PnPProblem.cpp">
      <Filter>Source Files</Filter>
    </ClCompile>
    <ClCompile Include="calib3d\real_time_pose_estimation\src\RobustMatcher.cpp">
      <Filter>Source Files</Filter>
    </ClCompile>
    <ClCompile Include="calib3d\real_time_pose_estimation\src\Utils.cpp">
      <Filter>Source Files</Filter>
    </ClCompile>
    <ClCompile Include="compatibility\compatibility_test.cpp">
      <Filter>Source Files</Filter>
    </ClCompile>
    <ClCompile Include="core\addingimages\AddingImages.cpp">
      <Filter>Source Files</Filter>
    </ClCompile>
    <ClCompile Include="core\discrete_fourier_transform\discrete_fourier_transform.cpp">
      <Filter>Source Files</Filter>
    </ClCompile>
    <ClCompile Include="core\file_input_output\file_input_output.cpp">
      <Filter>Source Files</Filter>
    </ClCompile>
    <ClCompile Include="core\how_to_scan_images\how_to_scan_images.cpp">
      <Filter>Source Files</Filter>
    </ClCompile>
    <ClCompile Include="core\how_to_use_opencv_parallel_for_\how_to_use_OpenCV_parallel_for_.cpp">
      <Filter>Source Files</Filter>
    </ClCompile>
    <ClCompile Include="core\mat_mask_operations\mat_mask_operations.cpp">
      <Filter>Source Files</Filter>
    </ClCompile>
    <ClCompile Include="core\mat_operations\mat_operations.cpp">
      <Filter>Source Files</Filter>
    </ClCompile>
    <ClCompile Include="core\mat_the_basic_image_container\mat_the_basic_image_container.cpp">
      <Filter>Source Files</Filter>
    </ClCompile>
    <ClCompile Include="features2d\AKAZE_match.cpp">
      <Filter>Source Files</Filter>
    </ClCompile>
    <ClCompile Include="features2d\akaze_tracking\planar_tracking.cpp">
      <Filter>Source Files</Filter>
    </ClCompile>
    <ClCompile Include="features2d\feature_description\SURF_matching_Demo.cpp">
      <Filter>Source Files</Filter>
    </ClCompile>
    <ClCompile Include="features2d\feature_detection\SURF_detection_Demo.cpp">
      <Filter>Source Files</Filter>
    </ClCompile>
    <ClCompile Include="features2d\feature_flann_matcher\SURF_FLANN_matching_Demo.cpp">
      <Filter>Source Files</Filter>
    </ClCompile>
    <ClCompile Include="features2d\feature_homography\SURF_FLANN_matching_homography_Demo.cpp">
      <Filter>Source Files</Filter>
    </ClCompile>
    <ClCompile Include="features2d\homography\decompose_homography.cpp">
      <Filter>Source Files</Filter>
    </ClCompile>
    <ClCompile Include="features2d\homography\homography_from_camera_displacement.cpp">
      <Filter>Source Files</Filter>
    </ClCompile>
    <ClCompile Include="features2d\homography\panorama_stitching_rotating_camera.cpp">
      <Filter>Source Files</Filter>
    </ClCompile>
    <ClCompile Include="features2d\homography\perspective_correction.cpp">
      <Filter>Source Files</Filter>
    </ClCompile>
    <ClCompile Include="features2d\homography\pose_from_homography.cpp">
      <Filter>Source Files</Filter>
    </ClCompile>
    <ClCompile Include="gapi\porting_anisotropic_image_segmentation\porting_anisotropic_image_segmentation_gapi.cpp">
      <Filter>Source Files</Filter>
    </ClCompile>
    <ClCompile Include="gapi\porting_anisotropic_image_segmentation\porting_anisotropic_image_segmentation_gapi_fluid.cpp">
      <Filter>Source Files</Filter>
    </ClCompile>
    <ClCompile Include="gpu\gpu-basics-similarity\gpu-basics-similarity.cpp">
      <Filter>Source Files</Filter>
    </ClCompile>
    <ClCompile Include="highgui\AddingImagesTrackbar.cpp">
      <Filter>Source Files</Filter>
    </ClCompile>
    <ClCompile Include="highgui\BasicLinearTransformsTrackbar.cpp">
      <Filter>Source Files</Filter>
    </ClCompile>
    <ClCompile Include="histograms_matching\calcBackProject_Demo1.cpp">
      <Filter>Source Files</Filter>
    </ClCompile>
    <ClCompile Include="histograms_matching\calcBackProject_Demo2.cpp">
      <Filter>Source Files</Filter>
    </ClCompile>
    <ClCompile Include="histograms_matching\calcHist_Demo.cpp">
      <Filter>Source Files</Filter>
    </ClCompile>
    <ClCompile Include="histograms_matching\compareHist_Demo.cpp">
      <Filter>Source Files</Filter>
    </ClCompile>
    <ClCompile Include="histograms_matching\EqualizeHist_Demo.cpp">
      <Filter>Source Files</Filter>
    </ClCompile>
    <ClCompile Include="histograms_matching\MatchTemplate_Demo.cpp">
      <Filter>Source Files</Filter>
    </ClCompile>
    <ClCompile Include="imgcodecs\gdal_io\gdal-image.cpp">
      <Filter>Source Files</Filter>
    </ClCompile>
    <ClCompile Include="imgproc\BasicLinearTransforms.cpp">
      <Filter>Source Files</Filter>
    </ClCompile>
    <ClCompile Include="imgproc\Morphology_1.cpp">
      <Filter>Source Files</Filter>
    </ClCompile>
    <ClCompile Include="imgproc\Morphology_2.cpp">
      <Filter>Source Files</Filter>
    </ClCompile>
    <ClCompile Include="imgproc\Threshold.cpp">
      <Filter>Source Files</Filter>
    </ClCompile>
    <ClCompile Include="imgproc\Threshold_inRange.cpp">
      <Filter>Source Files</Filter>
    </ClCompile>
    <ClCompile Include="imgproc\anisotropic_image_segmentation\anisotropic_image_segmentation.cpp">
      <Filter>Source Files</Filter>
    </ClCompile>
    <ClCompile Include="imgproc\basic_drawing\Drawing_1.cpp">
      <Filter>Source Files</Filter>
    </ClCompile>
    <ClCompile Include="imgproc\basic_drawing\Drawing_2.cpp">
      <Filter>Source Files</Filter>
    </ClCompile>
    <ClCompile Include="imgproc\changing_contrast_brightness_image\changing_contrast_brightness_image.cpp">
      <Filter>Source Files</Filter>
    </ClCompile>
    <ClCompile Include="imgproc\hitmiss\HitMiss.cpp">
      <Filter>Source Files</Filter>
    </ClCompile>
    <ClCompile Include="imgproc\morph_lines_detection\Morphology_3.cpp">
      <Filter>Source Files</Filter>
    </ClCompile>
    <ClCompile Include="imgproc\motion_deblur_filter\motion_deblur_filter.cpp">
      <Filter>Source Files</Filter>
    </ClCompile>
    <ClCompile Include="imgproc\out_of_focus_deblur_filter\out_of_focus_deblur_filter.cpp">
      <Filter>Source Files</Filter>
    </ClCompile>
    <ClCompile Include="imgproc\periodic_noise_removing_filter\periodic_noise_removing_filter.cpp">
      <Filter>Source Files</Filter>
    </ClCompile>
    <ClCompile Include="imgproc\pyramids\Pyramids.cpp">
      <Filter>Source Files</Filter>
    </ClCompile>
    <ClCompile Include="imgproc\smoothing\Smoothing.cpp">
      <Filter>Source Files</Filter>
    </ClCompile>
    <ClCompile Include="imgtrans\CannyDetector_Demo.cpp">
      <Filter>Source Files</Filter>
    </ClCompile>
    <ClCompile Include="imgtrans\copyMakeBorder_demo.cpp">
      <Filter>Source Files</Filter>
    </ClCompile>
    <ClCompile Include="imgtrans\filter2D_demo.cpp">
      <Filter>Source Files</Filter>
    </ClCompile>
    <ClCompile Include="imgtrans\Geometric_Transforms_Demo.cpp">
      <Filter>Source Files</Filter>
    </ClCompile>
    <ClCompile Include="imgtrans\houghcircles.cpp">
      <Filter>Source Files</Filter>
    </ClCompile>
    <ClCompile Include="imgtrans\HoughCircle_Demo.cpp">
      <Filter>Source Files</Filter>
    </ClCompile>
    <ClCompile Include="imgtrans\houghlines.cpp">
      <Filter>Source Files</Filter>
    </ClCompile>
    <ClCompile Include="imgtrans\HoughLines_Demo.cpp">
      <Filter>Source Files</Filter>
    </ClCompile>
    <ClCompile Include="imgtrans\imageSegmentation.cpp">
      <Filter>Source Files</Filter>
    </ClCompile>
    <ClCompile Include="imgtrans\Laplace_Demo.cpp">
      <Filter>Source Files</Filter>
    </ClCompile>
    <ClCompile Include="imgtrans\Remap_Demo.cpp">
      <Filter>Source Files</Filter>
    </ClCompile>
    <ClCompile Include="imgtrans\Sobel_Demo.cpp">
      <Filter>Source Files</Filter>
    </ClCompile>
    <ClCompile Include="introduction\display_image\display_image.cpp">
      <Filter>Source Files</Filter>
    </ClCompile>
    <ClCompile Include="introduction\documentation\documentation.cpp">
      <Filter>Source Files</Filter>
    </ClCompile>
    <ClCompile Include="introduction\windows_visual_studio_opencv\introduction_windows_vs.cpp">
      <Filter>Source Files</Filter>
    </ClCompile>
    <ClCompile Include="ml\introduction_to_pca\introduction_to_pca.cpp">
      <Filter>Source Files</Filter>
    </ClCompile>
    <ClCompile Include="ml\introduction_to_svm\introduction_to_svm.cpp">
      <Filter>Source Files</Filter>
    </ClCompile>
    <ClCompile Include="ml\non_linear_svms\non_linear_svms.cpp">
      <Filter>Source Files</Filter>
    </ClCompile>
    <ClCompile Include="objectdetection\objectDetection.cpp">
      <Filter>Source Files</Filter>
    </ClCompile>
    <ClCompile Include="photo\decolorization\decolor.cpp">
      <Filter>Source Files</Filter>
    </ClCompile>
    <ClCompile Include="photo\hdr_imaging\hdr_imaging.cpp">
      <Filter>Source Files</Filter>
    </ClCompile>
    <ClCompile Include="photo\non_photorealistic_rendering\npr_demo.cpp">
      <Filter>Source Files</Filter>
    </ClCompile>
    <ClCompile Include="photo\seamless_cloning\cloning_demo.cpp">
      <Filter>Source Files</Filter>
    </ClCompile>
    <ClCompile Include="photo\seamless_cloning\cloning_gui.cpp">
      <Filter>Source Files</Filter>
    </ClCompile>
    <ClCompile Include="shapedescriptors\findContours_demo.cpp">
      <Filter>Source Files</Filter>
    </ClCompile>
    <ClCompile Include="shapedescriptors\generalContours_demo1.cpp">
      <Filter>Source Files</Filter>
    </ClCompile>
    <ClCompile Include="shapedescriptors\generalContours_demo2.cpp">
      <Filter>Source Files</Filter>
    </ClCompile>
    <ClCompile Include="shapedescriptors\hull_demo.cpp">
      <Filter>Source Files</Filter>
    </ClCompile>
    <ClCompile Include="shapedescriptors\moments_demo.cpp">
      <Filter>Source Files</Filter>
    </ClCompile>
    <ClCompile Include="shapedescriptors\pointPolygonTest_demo.cpp">
      <Filter>Source Files</Filter>
    </ClCompile>
    <ClCompile Include="snippets\core_mat_checkVector.cpp">
      <Filter>Source Files</Filter>
    </ClCompile>
    <ClCompile Include="snippets\core_merge.cpp">
      <Filter>Source Files</Filter>
    </ClCompile>
    <ClCompile Include="snippets\core_reduce.cpp">
      <Filter>Source Files</Filter>
    </ClCompile>
    <ClCompile Include="snippets\core_split.cpp">
      <Filter>Source Files</Filter>
    </ClCompile>
    <ClCompile Include="snippets\core_various.cpp">
      <Filter>Source Files</Filter>
    </ClCompile>
    <ClCompile Include="snippets\imgcodecs_imwrite.cpp">
      <Filter>Source Files</Filter>
    </ClCompile>
    <ClCompile Include="snippets\imgproc_applyColorMap.cpp">
      <Filter>Source Files</Filter>
    </ClCompile>
    <ClCompile Include="snippets\imgproc_calcHist.cpp">
      <Filter>Source Files</Filter>
    </ClCompile>
    <ClCompile Include="snippets\imgproc_drawContours.cpp">
      <Filter>Source Files</Filter>
    </ClCompile>
    <ClCompile Include="snippets\imgproc_HoughLinesCircles.cpp">
      <Filter>Source Files</Filter>
    </ClCompile>
    <ClCompile Include="snippets\imgproc_HoughLinesP.cpp">
      <Filter>Source Files</Filter>
    </ClCompile>
    <ClCompile Include="snippets\imgproc_HoughLinesPointSet.cpp">
      <Filter>Source Files</Filter>
    </ClCompile>
    <ClCompile Include="trackingmotion\cornerDetector_Demo.cpp">
      <Filter>Source Files</Filter>
    </ClCompile>
    <ClCompile Include="trackingmotion\cornerHarris_Demo.cpp">
      <Filter>Source Files</Filter>
    </ClCompile>
    <ClCompile Include="trackingmotion\cornerSubPix_Demo.cpp">
      <Filter>Source Files</Filter>
    </ClCompile>
    <ClCompile Include="trackingmotion\goodFeaturesToTrack_Demo.cpp">
      <Filter>Source Files</Filter>
    </ClCompile>
    <ClCompile Include="video\bg_sub.cpp">
      <Filter>Source Files</Filter>
    </ClCompile>
    <ClCompile Include="videoio\video-input-psnr-ssim\video-input-psnr-ssim.cpp">
      <Filter>Source Files</Filter>
    </ClCompile>
    <ClCompile Include="videoio\video-write\video-write.cpp">
      <Filter>Source Files</Filter>
    </ClCompile>
    <ClCompile Include="xfeatures2d\LATCH_match.cpp">
      <Filter>Source Files</Filter>
    </ClCompile>
  </ItemGroup>
  <ItemGroup>
    <ClInclude Include="calib3d\real_time_pose_estimation\src\CsvReader.h">
      <Filter>Header Files</Filter>
    </ClInclude>
    <ClInclude Include="calib3d\real_time_pose_estimation\src\CsvWriter.h">
      <Filter>Header Files</Filter>
    </ClInclude>
    <ClInclude Include="calib3d\real_time_pose_estimation\src\Mesh.h">
      <Filter>Header Files</Filter>
    </ClInclude>
    <ClInclude Include="calib3d\real_time_pose_estimation\src\Model.h">
      <Filter>Header Files</Filter>
    </ClInclude>
    <ClInclude Include="calib3d\real_time_pose_estimation\src\ModelRegistration.h">
      <Filter>Header Files</Filter>
    </ClInclude>
    <ClInclude Include="calib3d\real_time_pose_estimation\src\PnPProblem.h">
      <Filter>Header Files</Filter>
    </ClInclude>
    <ClInclude Include="calib3d\real_time_pose_estimation\src\RobustMatcher.h">
      <Filter>Header Files</Filter>
    </ClInclude>
    <ClInclude Include="calib3d\real_time_pose_estimation\src\Utils.h">
      <Filter>Header Files</Filter>
    </ClInclude>
    <ClInclude Include="features2d\akaze_tracking\stats.h">
      <Filter>Header Files</Filter>
    </ClInclude>
    <ClInclude Include="features2d\akaze_tracking\utils.h">
      <Filter>Header Files</Filter>
    </ClInclude>
    <ClInclude Include="gpu\gpu-thrust-interop\Thrust_interop.hpp">
      <Filter>Header Files</Filter>
    </ClInclude>
  </ItemGroup>
</Project>